PODS:
  - Flutter (1.0.0)
  - flutter_qjs (0.0.1):
    - Flutter

DEPENDENCIES:
  - Flutter (from `Flutter`)
  - flutter_qjs (from `.symlinks/plugins/flutter_qjs/ios`)

EXTERNAL SOURCES:
  Flutter:
    :path: Flutter
  flutter_qjs:
    :path: ".symlinks/plugins/flutter_qjs/ios"

SPEC CHECKSUMS:
  Flutter: 0e3d915762c693b495b44d77113d4970485de6ec
  flutter_qjs: b6da2d828ae64b2cc921a4521814bc91ff65e19d

PODFILE CHECKSUM: aafe91acc616949ddb318b77800a7f51bffa2a4c

COCOAPODS: 1.9.3
